{
  "nodes": {
    "home-manager": {
      "inputs": {
        "nixpkgs": [
          "nixpkgs"
        ]
      },
      "locked": {
        "lastModified": 1731887066,
        "narHash": "sha256-uw7K/RsYioJicV79Nl39yjtfhdfTDU2aRxnBgvFhkZ8=",
        "owner": "nix-community",
        "repo": "home-manager",
        "rev": "f3a2ff69586f3a54b461526e5702b1a2f81e740a",
        "type": "github"
      },
      "original": {
        "owner": "nix-community",
        "repo": "home-manager",
        "type": "github"
      }
    },
    "nix-darwin": {
      "inputs": {
        "nixpkgs": [
          "nixpkgs"
        ]
      },
      "locked": {
        "lastModified": 1732603785,
        "narHash": "sha256-AEjWTJwOmSnVYsSJCojKgoguGfFfwel6z/6ud6UFMU8=",
        "owner": "LnL7",
        "repo": "nix-darwin",
        "rev": "6ab87b7c84d4ee873e937108c4ff80c015a40c7a",
        "type": "github"
      },
      "original": {
        "owner": "LnL7",
        "repo": "nix-darwin",
        "type": "github"
      }
    },
    "nixpkgs": {
      "locked": {
        "lastModified": 1731816655,
        "narHash": "sha256-55e1JMAuYvHZs9EICprWgJ4RmaWwDuSjzJ5K7S7zb6w=",
        "owner": "NixOS",
        "repo": "nixpkgs",
        "rev": "0a14706530dcb90acecb81ce0da219d88baaae75",
        "type": "github"
      },
      "original": {
        "owner": "NixOS",
        "ref": "nixpkgs-unstable",
        "repo": "nixpkgs",
        "type": "github"
      }
    },
    "root": {
      "inputs": {
        "home-manager": "home-manager",
        "nix-darwin": "nix-darwin",
        "nixpkgs": "nixpkgs"
      }
    }
  },
  "root": "root",
  "version": 7
}
